// !$*UTF8*$!
{
	archiveVersion = 1;
	classes = {
	};
	objectVersion = 46;
	objects = {

/* Begin PBXBuildFile section */
		885F90661BED8EF7009687F9 /* AppDelegate.swift in Sources */ = {isa = PBXBuildFile; fileRef = 885F90651BED8EF7009687F9 /* AppDelegate.swift */; };
		885F90681BED8EF7009687F9 /* ViewController.swift in Sources */ = {isa = PBXBuildFile; fileRef = 885F90671BED8EF7009687F9 /* ViewController.swift */; };
		885F906B1BED8EF7009687F9 /* Main.storyboard in Resources */ = {isa = PBXBuildFile; fileRef = 885F90691BED8EF7009687F9 /* Main.storyboard */; };
		885F906D1BED8EF8009687F9 /* Assets.xcassets in Resources */ = {isa = PBXBuildFile; fileRef = 885F906C1BED8EF8009687F9 /* Assets.xcassets */; };
		885F90701BED8EF8009687F9 /* LaunchScreen.storyboard in Resources */ = {isa = PBXBuildFile; fileRef = 885F906E1BED8EF8009687F9 /* LaunchScreen.storyboard */; };
		885F90781BED8F57009687F9 /* Datos.swift in Sources */ = {isa = PBXBuildFile; fileRef = 885F90771BED8F57009687F9 /* Datos.swift */; settings = {ASSET_TAGS = (); }; };
/* End PBXBuildFile section */

/* Begin PBXFileReference section */
		885F90621BED8EF7009687F9 /* HamburguesasDavid.app */ = {isa = PBXFileReference; explicitFileType = wrapper.application; includeInIndex = 0; path = HamburguesasDavid.app; sourceTree = BUILT_PRODUCTS_DIR; };
		885F90651BED8EF7009687F9 /* AppDelegate.swift */ = {isa = PBXFileReference; lastKnownFileType = sourcecode.swift; path = AppDelegate.swift; sourceTree = "<group>"; };
		885F90671BED8EF7009687F9 /* ViewController.swift */ = {isa = PBXFileReference; lastKnownFileType = sourcecode.swift; path = ViewController.swift; sourceTree = "<group>"; };
		885F906A1BED8EF7009687F9 /* Base */ = {isa = PBXFileReference; lastKnownFileType = file.storyboard; name = Base; path = Base.lproj/Main.storyboard; sourceTree = "<group>"; };
		885F906C1BED8EF8009687F9 /* Assets.xcassets */ = {isa = PBXFileReference; lastKnownFileType = folder.assetcatalog; path = Assets.xcassets; sourceTree = "<group>"; };
		885F906F1BED8EF8009687F9 /* Base */ = {isa = PBXFileReference; lastKnownFileType = file.storyboard; name = Base; path = Base.lproj/LaunchScreen.storyboard; sourceTree = "<group>"; };
		885F90711BED8EF8009687F9 /* Info.plist */ = {isa = PBXFileReference; lastKnownFileType = text.plist.xml; path = Info.plist; sourceTree = "<group>"; };
		885F90771BED8F57009687F9 /* Datos.swift */ = {isa = PBXFileReference; fileEncoding = 4; lastKnownFileType = sourcecode.swift; path = Datos.swift; sourceTree = "<group>"; };
/* End PBXFileReference section */

/* Begin PBXFrameworksBuildPhase section */
		885F905F1BED8EF7009687F9 /* Frameworks */ = {
			isa = PBXFrameworksBuildPhase;
			buildActionMask = 2147483647;
			files = (
			);
			runOnlyForDeploymentPostprocessing = 0;
		};
/* End PBXFrameworksBuildPhase section */

/* Begin PBXGroup section */
		885F90591BED8EF7009687F9 = {
			isa = PBXGroup;
			children = (
				885F90641BED8EF7009687F9 /* HamburguesasDavid */,
				885F90631BED8EF7009687F9 /* Products */,
			);
			sourceTree = "<group>";
		};
		885F90631BED8EF7009687F9 /* Products */ = {
			isa = PBXGroup;
			children = (
				885F90621BED8EF7009687F9 /* HamburguesasDavid.app */,
			);
			name = Products;
			sourceTree = "<group>";
		};
		885F90641BED8EF7009687F9 /* HamburguesasDavid */ = {
			isa = PBXGroup;
			children = (
				885F90651BED8EF7009687F9 /* AppDelegate.swift */,
				885F90671BED8EF7009687F9 /* ViewController.swift */,
				885F90691BED8EF7009687F9 /* Main.storyboard */,
				885F906C1BED8EF8009687F9 /* Assets.xcassets */,
				885F906E1BED8EF8009687F9 /* LaunchScreen.storyboard */,
				885F90711BED8EF8009687F9 /* Info.plist */,
				885F90771BED8F57009687F9 /* Datos.swift */,
			);
			path = HamburguesasDavid;
			sourceTree = "<group>";
		};
/* End PBXGroup section */

/* Begin PBXNativeTarget section */
		885F90611BED8EF7009687F9 /* HamburguesasDavid */ = {
			isa = PBXNativeTarget;
			buildConfigurationList = 885F90741BED8EF8009687F9 /* Build configuration list for PBXNativeTarget "HamburguesasDavid" */;
			buildPhases = (
				885F905E1BED8EF7009687F9 /* Sources */,
				885F905F1BED8EF7009687F9 /* Frameworks */,
				885F90601BED8EF7009687F9 /* Resources */,
			);
			buildRules = (
			);
			dependencies = (
			);
			name = HamburguesasDavid;
			productName = HamburguesasDavid;
			productReference = 885F90621BED8EF7009687F9 /* HamburguesasDavid.app */;
			productType = "com.apple.product-type.application";
		};
/* End PBXNativeTarget section */

/* Begin PBXProject section */
		885F905A1BED8EF7009687F9 /* Project object */ = {
			isa = PBXProject;
			attributes = {
				LastUpgradeCheck = 0700;
				ORGANIZATIONNAME = "David Alonso";
				TargetAttributes = {
					885F90611BED8EF7009687F9 = {
						CreatedOnToolsVersion = 7.0.1;
					};
				};
			};
			buildConfigurationList = 885F905D1BED8EF7009687F9 /* Build configuration list for PBXProject "HamburguesasDavid" */;
			compatibilityVersion = "Xcode 3.2";
			developmentRegion = English;
			hasScannedForEncodings = 0;
			knownRegions = (
				en,
				Base,
			);
			mainGroup = 885F90591BED8EF7009687F9;
			productRefGroup = 885F90631BED8EF7009687F9 /* Products */;
			projectDirPath = "";
			projectRoot = "";
			targets = (
				885F90611BED8EF7009687F9 /* HamburguesasDavid */,
			);
		};
/* End PBXProject section */

/* Begin PBXResourcesBuildPhase section */
		885F90601BED8EF7009687F9 /* Resources */ = {
			isa = PBXResourcesBuildPhase;
			buildActionMask = 2147483647;
			files = (
				885F90701BED8EF8009687F9 /* LaunchScreen.storyboard in Resources */,
				885F906D1BED8EF8009687F9 /* Assets.xcassets in Resources */,
				885F906B1BED8EF7009687F9 /* Main.storyboard in Resources */,
			);
			runOnlyForDeploymentPostprocessing = 0;
		};
/* End PBXResourcesBuildPhase section */

/* Begin PBXSourcesBuildPhase section */
		885F905E1BED8EF7009687F9 /* Sources */ = {
			isa = PBXSourcesBuildPhase;
			buildActionMask = 2147483647;
			files = (
				885F90681BED8EF7009687F9 /* ViewController.swift in Sources */,
				885F90661BED8EF7009687F9 /* AppDelegate.swift in Sources */,
				885F90781BED8F57009687F9 /* Datos.swift in Sources */,
			);
			runOnlyForDeploymentPostprocessing = 0;
		};
/* End PBXSourcesBuildPhase section */

/* Begin PBXVariantGroup section */
		885F90691BED8EF7009687F9 /* Main.storyboard */ = {
			isa = PBXVariantGroup;
			children = (
				885F906A1BED8EF7009687F9 /* Base */,
			);
			name = Main.storyboard;
			sourceTree = "<group>";
		};
		885F906E1BED8EF8009687F9 /* LaunchScreen.storyboard */ = {
			isa = PBXVariantGroup;
			children = (
				885F906F1BED8EF8009687F9 /* Base */,
			);
			name = LaunchScreen.storyboard;
			sourceTree = "<group>";
		};
/* End PBXVariantGroup section */

/* Begin XCBuildConfiguration section */
		885F90721BED8EF8009687F9 /* Debug */ = {
			isa = XCBuildConfiguration;
			buildSettings = {
				ALWAYS_SEARCH_USER_PATHS = NO;
				CLANG_CXX_LANGUAGE_STANDARD = "gnu++0x";
				CLANG_CXX_LIBRARY = "libc++";
				CLANG_ENABLE_MODULES = YES;
				CLANG_ENABLE_OBJC_ARC = YES;
				CLANG_WARN_BOOL_CONVERSION = YES;
				CLANG_WARN_CONSTANT_CONVERSION = YES;
				CLANG_WARN_DIRECT_OBJC_ISA_USAGE = YES_ERROR;
				CLANG_WARN_EMPTY_BODY = YES;
				CLANG_WARN_ENUM_CONVERSION = YES;
				CLANG_WARN_INT_CONVERSION = YES;
				CLANG_WARN_OBJC_ROOT_CLASS = YES_ERROR;
				CLANG_WARN_UNREACHABLE_CODE = YES;
				CLANG_WARN__DUPLICATE_METHOD_MATCH = YES;
				"CODE_SIGN_IDENTITY[sdk=iphoneos*]" = "iPhone Developer";
				COPY_PHASE_STRIP = NO;
				DEBUG_INFORMATION_FORMAT = dwarf;
				ENABLE_STRICT_OBJC_MSGSEND = YES;
				ENABLE_TESTABILITY = YES;
				GCC_C_LANGUAGE_STANDARD = gnu99;
				GCC_DYNAMIC_NO_PIC = NO;
				GCC_NO_COMMON_BLOCKS = YES;
				GCC_OPTIMIZATION_LEVEL = 0;
				GCC_PREPROCESSOR_DEFINITIONS = (
					"DEBUG=1",
					"$(inherited)",
				);
				GCC_WARN_64_TO_32_BIT_CONVERSION = YES;
				GCC_WARN_ABOUT_RETURN_TYPE = YES_ERROR;
				GCC_WARN_UNDECLARED_SELECTOR = YES;
				GCC_WARN_UNINITIALIZED_AUTOS = YES_AGGRESSIVE;
				GCC_WARN_UNUSED_FUNCTION = YES;
				GCC_WARN_UNUSED_VARIABLE = YES;
				IPHONEOS_DEPLOYMENT_TARGET = 9.0;
				MTL_ENABLE_DEBUG_INFO = YES;
				ONLY_ACTIVE_ARCH = YES;
				SDKROOT = iphoneos;
				SWIFT_OPTIMIZATION_LEVEL = "-Onone";
			};
			name = Debug;
		};
		885F90731BED8EF8009687F9 /* Release */ = {
			isa = XCBuildConfiguration;
			buildSettings = {
				ALWAYS_SEARCH_USER_PATHS = NO;
				CLANG_CXX_LANGUAGE_STANDARD = "gnu++0x";
				CLANG_CXX_LIBRARY = "libc++";
				CLANG_ENABLE_MODULES = YES;
				CLANG_ENABLE_OBJC_ARC = YES;
				CLANG_WARN_BOOL_CONVERSION = YES;
				CLANG_WARN_CONSTANT_CONVERSION = YES;
				CLANG_WARN_DIRECT_OBJC_ISA_USAGE = YES_ERROR;
				CLANG_WARN_EMPTY_BODY = YES;
				CLANG_WARN_ENUM_CONVERSION = YES;
				CLANG_WARN_INT_CONVERSION = YES;
				CLANG_WARN_OBJC_ROOT_CLASS = YES_ERROR;
				CLANG_WARN_UNREACHABLE_CODE = YES;
				CLANG_WARN__DUPLICATE_METHOD_MATCH = YES;
				"CODE_SIGN_IDENTITY[sdk=iphoneos*]" = "iPhone Developer";
				COPY_PHASE_STRIP = NO;
				DEBUG_INFORMATION_FORMAT = "dwarf-with-dsym";
				ENABLE_NS_ASSERTIONS = NO;
				ENABLE_STRICT_OBJC_MSGSEND = YES;
				GCC_C_LANGUAGE_STANDARD = gnu99;
				GCC_NO_COMMON_BLOCKS = YES;
				GCC_WARN_64_TO_32_BIT_CONVERSION = YES;
				GCC_WARN_ABOUT_RETURN_TYPE = YES_ERROR;
				GCC_WARN_UNDECLARED_SELECTOR = YES;
				GCC_WARN_UNINITIALIZED_AUTOS = YES_AGGRESSIVE;
				GCC_WARN_UNUSED_FUNCTION = YES;
				GCC_WARN_UNUSED_VARIABLE = YES;
				IPHONEOS_DEPLOYMENT_TARGET = 9.0;
				MTL_ENABLE_DEBUG_INFO = NO;
				SDKROOT = iphoneos;
				VALIDATE_PRODUCT = YES;
			};
			name = Release;
		};
		885F90751BED8EF8009687F9 /* Debug */ = {
			isa = XCBuildConfiguration;
			buildSettings = {
				ASSETCATALOG_COMPILER_APPICON_NAME = AppIcon;
				INFOPLIST_FILE = HamburguesasDavid/Info.plist;
				LD_RUNPATH_SEARCH_PATHS = "$(inherited) @executable_path/Frameworks";
				PRODUCT_BUNDLE_IDENTIFIER = david.HamburguesasDavid;
				PRODUCT_NAME = "$(TARGET_NAME)";
			};
			name = Debug;
		};
		885F90761BED8EF8009687F9 /* Release */ = {
			isa = XCBuildConfiguration;
			buildSettings = {
				ASSETCATALOG_COMPILER_APPICON_NAME = AppIcon;
				INFOPLIST_FILE = HamburguesasDavid/Info.plist;
				LD_RUNPATH_SEARCH_PATHS = "$(inherited) @executable_path/Frameworks";
				PRODUCT_BUNDLE_IDENTIFIER = david.HamburguesasDavid;
				PRODUCT_NAME = "$(TARGET_NAME)";
			};
			name = Release;
		};
/* End XCBuildConfiguration section */

/* Begin XCConfigurationList section */
		885F905D1BED8EF7009687F9 /* Build configuration list for PBXProject "HamburguesasDavid" */ = {
			isa = XCConfigurationList;
			buildConfigurations = (
				885F90721BED8EF8009687F9 /* Debug */,
				885F90731BED8EF8009687F9 /* Release */,
			);
			defaultConfigurationIsVisible = 0;
			defaultConfigurationName = Release;
		};
		885F90741BED8EF8009687F9 /* Build configuration list for PBXNativeTarget "HamburguesasDavid" */ = {
			isa = XCConfigurationList;
			buildConfigurations = (
				885F90751BED8EF8009687F9 /* Debug */,
				885F90761BED8EF8009687F9 /* Release */,
			);
			defaultConfigurationIsVisible = 0;
		};
/* End XCConfigurationList section */
	};
	rootObject = 885F905A1BED8EF7009687F9 /* Project object */;
}
